{
  "name": "test-project",
  "version": "1.0.0",
  "lockfileVersion": 3,
  "requires": true,
  "packages": {
    "": {
      "name": "test-project",
      "version": "1.0.0"
    },
    "node_modules/fake-malicious-pkg": {
      "version": "1.0.0",
      "resolved": "https://registry.npmjs.org/fake-malicious-pkg/-/fake-malicious-pkg-1.0.0.tgz"
    },
    "node_modules/chalk": {
      "version": "5.0.0",
      "resolved": "https://registry.npmjs.org/chalk/-/chalk-5.0.0.tgz"
    },
    "node_modules/express": {
      "version": "4.17.1",
      "resolved": "https://registry.npmjs.org/express/-/express-4.17.1.tgz"
    }
  }
}
