# This file is automatically @generated by Poetry. Test fixture.

[[package]]
name = "evil-pkg"
version = "2.3.4"
description = "fake"
optional = false
python-versions = "*"

[[package]]
name = "requests"
version = "2.28.0"
description = "fake"
optional = false
python-versions = "*"

[metadata]
lock-version = "2.0"
python-versions = "^3.9"
content-hash = "fakehash"
